
Microsoft Visual Studio Solution File, Format Version 12.00
# Visual Studio Version 16
VisualStudioVersion = 16.0.31025.194
MinimumVisualStudioVersion = 10.0.40219.1
Project("{9A19103F-16F7-4668-BE54-9A1E7A4F7556}") = "Restaurant delivery online", "Restaurant delivery online\Restaurant delivery online.csproj", "{B058736B-1278-41FF-821B-6E05E149299A}"
EndProject
Global
	GlobalSection(SolutionConfigurationPlatforms) = preSolution
		Debug|Any CPU = Debug|Any CPU
		Release|Any CPU = Release|Any CPU
	EndGlobalSection
	GlobalSection(ProjectConfigurationPlatforms) = postSolution
		{B058736B-1278-41FF-821B-6E05E149299A}.Debug|Any CPU.ActiveCfg = Debug|Any CPU
		{B058736B-1278-41FF-821B-6E05E149299A}.Debug|Any CPU.Build.0 = Debug|Any CPU
		{B058736B-1278-41FF-821B-6E05E149299A}.Release|Any CPU.ActiveCfg = Release|Any CPU
		{B058736B-1278-41FF-821B-6E05E149299A}.Release|Any CPU.Build.0 = Release|Any CPU
	EndGlobalSection
	GlobalSection(SolutionProperties) = preSolution
		HideSolutionNode = FALSE
	EndGlobalSection
	GlobalSection(ExtensibilityGlobals) = postSolution
		SolutionGuid = {EF1DC3BD-791C-440B-AE2C-DD2A0EB193A8}
	EndGlobalSection
EndGlobal
